{
  "name": "kit",
  "version": "1.0.0",
  "lockfileVersion": 3,
  "requires": true,
  "packages": {
    "": {
      "name": "kit",
      "version": "1.0.0",
      "license": "ISC",
      "dependencies": {
        "@dgreenheck/ez-tree": "^1.1.0",
        "n8ao": "^2.0.1",
        "postprocessing": "^6.39.4",
        "three": "^0.181.2"
      }
    },
    "node_modules/@dgreenheck/ez-tree": {
      "version": "1.1.0",
      "resolved": "https://registry.npmjs.org/@dgreenheck/ez-tree/-/ez-tree-1.1.0.tgz",
      "integrity": "sha512-6pvS6hD6B6h00dm0SnkgYeT4ABU5Y1Z9M44p1tXiV5C0eKrQy2sKECXshoaUv0qAOqYVL68w/PwadUxDFDiHUg==",
      "license": "MIT",
      "peerDependencies": {
        "three": ">=0.167"
      }
    },
    "node_modules/n8ao": {
      "version": "2.0.1",
      "resolved": "https://registry.npmjs.org/n8ao/-/n8ao-2.0.1.tgz",
      "integrity": "sha512-MoP1QKUdj4/3cKEnhFl917t0eQwWGER1l43ckz5mNOPyYWGRDGQbVoTOQz/VBvy01in6QVNG+AL6Xxx5AjZBYA==",
      "license": "ISC",
      "peerDependencies": {
        "postprocessing": ">=6.30.0",
        "three": ">=0.137"
      }
    },
    "node_modules/postprocessing": {
      "version": "6.39.4",
      "resolved": "https://registry.npmjs.org/postprocessing/-/postprocessing-6.39.4.tgz",
      "integrity": "sha512-oAS/PjAbc/xT3OzjUrGsorJ4J064XwhVD2t0OwKLP/E8QwDMUJ0oOv6ZI1SYMtLchv4g0ySEx+JcLy92+48vlA==",
      "license": "Zlib",
      "peerDependencies": {
        "three": ">= 0.168.0 < 0.186.0"
      }
    },
    "node_modules/three": {
      "version": "0.181.2",
      "resolved": "https://registry.npmjs.org/three/-/three-0.181.2.tgz",
      "integrity": "sha512-k/CjiZ80bYss6Qs7/ex1TBlPD11whT9oKfT8oTGiHa34W4JRd1NiH/Tr1DbHWQ2/vMUypxksLnF2CfmlmM5XFQ==",
      "license": "MIT"
    }
  }
}
